// !$*UTF8*$!
{
	archiveVersion = 1;
	classes = {
	};
	objectVersion = 56;
	objects = {

/* Begin PBXBuildFile section */
		231C88F0292843F9005D3784 /* sixtApp.swift in Sources */ = {isa = PBXBuildFile; fileRef = 231C88EF292843F9005D3784 /* sixtApp.swift */; };
		231C88F4292843FB005D3784 /* Assets.xcassets in Resources */ = {isa = PBXBuildFile; fileRef = 231C88F3292843FB005D3784 /* Assets.xcassets */; };
		231C88F7292843FB005D3784 /* Preview Assets.xcassets in Resources */ = {isa = PBXBuildFile; fileRef = 231C88F6292843FB005D3784 /* Preview Assets.xcassets */; };
		231C88FF292844A0005D3784 /* CoatySwift in Frameworks */ = {isa = PBXBuildFile; productRef = 231C88FE292844A0005D3784 /* CoatySwift */; };
		231C8902292844EF005D3784 /* CoatyDelegate.swift in Sources */ = {isa = PBXBuildFile; fileRef = 231C8901292844EF005D3784 /* CoatyDelegate.swift */; };
		231C89042928453A005D3784 /* CoatyControllerTypes.swift in Sources */ = {isa = PBXBuildFile; fileRef = 231C89032928453A005D3784 /* CoatyControllerTypes.swift */; };
		231C890629284569005D3784 /* CoatyObjectTypes.swift in Sources */ = {isa = PBXBuildFile; fileRef = 231C890529284569005D3784 /* CoatyObjectTypes.swift */; };
		231C890E29284615005D3784 /* ExampleObject.swift in Sources */ = {isa = PBXBuildFile; fileRef = 231C890D29284615005D3784 /* ExampleObject.swift */; };
		231C8915292849DD005D3784 /* MapViewRepresentable.swift in Sources */ = {isa = PBXBuildFile; fileRef = 231C8914292849DD005D3784 /* MapViewRepresentable.swift */; };
		231C891829284A3E005D3784 /* MapViewController.swift in Sources */ = {isa = PBXBuildFile; fileRef = 231C891729284A3E005D3784 /* MapViewController.swift */; };
		231C891E2928DC5E005D3784 /* NavigationViewController.swift in Sources */ = {isa = PBXBuildFile; fileRef = 231C891D2928DC5E005D3784 /* NavigationViewController.swift */; };
		231C89202928DD96005D3784 /* NavigationViewRepresentable.swift in Sources */ = {isa = PBXBuildFile; fileRef = 231C891F2928DD96005D3784 /* NavigationViewRepresentable.swift */; };
		231C89252928EDED005D3784 /* LocationManager.swift in Sources */ = {isa = PBXBuildFile; fileRef = 231C89242928EDED005D3784 /* LocationManager.swift */; };
		231C89272928F1B2005D3784 /* ToggleView.swift in Sources */ = {isa = PBXBuildFile; fileRef = 231C89262928F1B2005D3784 /* ToggleView.swift */; };
		231C892A2928F702005D3784 /* UserState.swift in Sources */ = {isa = PBXBuildFile; fileRef = 231C89292928F702005D3784 /* UserState.swift */; };
		231C892C2928FC96005D3784 /* Model.swift in Sources */ = {isa = PBXBuildFile; fileRef = 231C892B2928FC96005D3784 /* Model.swift */; };
		231C893029291AE8005D3784 /* NavigationBottomBarView.swift in Sources */ = {isa = PBXBuildFile; fileRef = 231C892F29291AE8005D3784 /* NavigationBottomBarView.swift */; };
		5B020F2829292683003F078D /* MapboxMaps in Frameworks */ = {isa = PBXBuildFile; productRef = 5B020F2729292683003F078D /* MapboxMaps */; };
		5B020F2B29292690003F078D /* MapboxNavigation in Frameworks */ = {isa = PBXBuildFile; productRef = 5B020F2A29292690003F078D /* MapboxNavigation */; };
		5B020F2E29292707003F078D /* NewTaskView.swift in Sources */ = {isa = PBXBuildFile; fileRef = 5B020F2D29292706003F078D /* NewTaskView.swift */; };
		5B020F302929275C003F078D /* ChargingStationIcon.swift in Sources */ = {isa = PBXBuildFile; fileRef = 5B020F2F2929275C003F078D /* ChargingStationIcon.swift */; };
		5B020F3329292786003F078D /* ButtonStyles.swift in Sources */ = {isa = PBXBuildFile; fileRef = 5B020F3229292786003F078D /* ButtonStyles.swift */; };
		5B020F342929339A003F078D /* ContentView.swift in Sources */ = {isa = PBXBuildFile; fileRef = 231C88F1292843F9005D3784 /* ContentView.swift */; };
		5B020F352929339E003F078D /* MapHomeView.swift in Sources */ = {isa = PBXBuildFile; fileRef = 231C8912292849A4005D3784 /* MapHomeView.swift */; };
		5B020F37292943A6003F078D /* BlurView.swift in Sources */ = {isa = PBXBuildFile; fileRef = 5B020F36292943A6003F078D /* BlurView.swift */; };
		5B354DA3292921A60047F84A /* TaskControllerPublish.swift in Sources */ = {isa = PBXBuildFile; fileRef = 5B354DA2292921A60047F84A /* TaskControllerPublish.swift */; };
		5B376DE529290ED30007CB9E /* ChargingTaskObject.swift in Sources */ = {isa = PBXBuildFile; fileRef = 5B376DE429290ED30007CB9E /* ChargingTaskObject.swift */; };
		5B376DE7292912030007CB9E /* TaskControllerObserve.swift in Sources */ = {isa = PBXBuildFile; fileRef = 5B376DE6292912030007CB9E /* TaskControllerObserve.swift */; };
/* End PBXBuildFile section */

/* Begin PBXFileReference section */
		231C88EC292843F9005D3784 /* sixt.app */ = {isa = PBXFileReference; explicitFileType = wrapper.application; includeInIndex = 0; path = sixt.app; sourceTree = BUILT_PRODUCTS_DIR; };
		231C88EF292843F9005D3784 /* sixtApp.swift */ = {isa = PBXFileReference; lastKnownFileType = sourcecode.swift; path = sixtApp.swift; sourceTree = "<group>"; };
		231C88F1292843F9005D3784 /* ContentView.swift */ = {isa = PBXFileReference; lastKnownFileType = sourcecode.swift; path = ContentView.swift; sourceTree = "<group>"; };
		231C88F3292843FB005D3784 /* Assets.xcassets */ = {isa = PBXFileReference; lastKnownFileType = folder.assetcatalog; path = Assets.xcassets; sourceTree = "<group>"; };
		231C88F6292843FB005D3784 /* Preview Assets.xcassets */ = {isa = PBXFileReference; lastKnownFileType = folder.assetcatalog; path = "Preview Assets.xcassets"; sourceTree = "<group>"; };
		231C8901292844EF005D3784 /* CoatyDelegate.swift */ = {isa = PBXFileReference; lastKnownFileType = sourcecode.swift; path = CoatyDelegate.swift; sourceTree = "<group>"; };
		231C89032928453A005D3784 /* CoatyControllerTypes.swift */ = {isa = PBXFileReference; lastKnownFileType = sourcecode.swift; path = CoatyControllerTypes.swift; sourceTree = "<group>"; };
		231C890529284569005D3784 /* CoatyObjectTypes.swift */ = {isa = PBXFileReference; lastKnownFileType = sourcecode.swift; path = CoatyObjectTypes.swift; sourceTree = "<group>"; };
		231C890D29284615005D3784 /* ExampleObject.swift */ = {isa = PBXFileReference; lastKnownFileType = sourcecode.swift; path = ExampleObject.swift; sourceTree = "<group>"; };
		231C8912292849A4005D3784 /* MapHomeView.swift */ = {isa = PBXFileReference; lastKnownFileType = sourcecode.swift; path = MapHomeView.swift; sourceTree = "<group>"; };
		231C8914292849DD005D3784 /* MapViewRepresentable.swift */ = {isa = PBXFileReference; lastKnownFileType = sourcecode.swift; path = MapViewRepresentable.swift; sourceTree = "<group>"; };
		231C891729284A3E005D3784 /* MapViewController.swift */ = {isa = PBXFileReference; lastKnownFileType = sourcecode.swift; path = MapViewController.swift; sourceTree = "<group>"; };
		231C89192928DB49005D3784 /* Info.plist */ = {isa = PBXFileReference; lastKnownFileType = text.plist; path = Info.plist; sourceTree = "<group>"; };
		231C891D2928DC5E005D3784 /* NavigationViewController.swift */ = {isa = PBXFileReference; lastKnownFileType = sourcecode.swift; path = NavigationViewController.swift; sourceTree = "<group>"; };
		231C891F2928DD96005D3784 /* NavigationViewRepresentable.swift */ = {isa = PBXFileReference; lastKnownFileType = sourcecode.swift; path = NavigationViewRepresentable.swift; sourceTree = "<group>"; };
		231C89242928EDED005D3784 /* LocationManager.swift */ = {isa = PBXFileReference; lastKnownFileType = sourcecode.swift; path = LocationManager.swift; sourceTree = "<group>"; };
		231C89262928F1B2005D3784 /* ToggleView.swift */ = {isa = PBXFileReference; lastKnownFileType = sourcecode.swift; path = ToggleView.swift; sourceTree = "<group>"; };
		231C89292928F702005D3784 /* UserState.swift */ = {isa = PBXFileReference; lastKnownFileType = sourcecode.swift; path = UserState.swift; sourceTree = "<group>"; };
		231C892B2928FC96005D3784 /* Model.swift */ = {isa = PBXFileReference; lastKnownFileType = sourcecode.swift; path = Model.swift; sourceTree = "<group>"; };
		231C892F29291AE8005D3784 /* NavigationBottomBarView.swift */ = {isa = PBXFileReference; lastKnownFileType = sourcecode.swift; path = NavigationBottomBarView.swift; sourceTree = "<group>"; };
		5B020F2D29292706003F078D /* NewTaskView.swift */ = {isa = PBXFileReference; fileEncoding = 4; lastKnownFileType = sourcecode.swift; path = NewTaskView.swift; sourceTree = "<group>"; };
		5B020F2F2929275C003F078D /* ChargingStationIcon.swift */ = {isa = PBXFileReference; lastKnownFileType = sourcecode.swift; path = ChargingStationIcon.swift; sourceTree = "<group>"; };
		5B020F3229292786003F078D /* ButtonStyles.swift */ = {isa = PBXFileReference; lastKnownFileType = sourcecode.swift; path = ButtonStyles.swift; sourceTree = "<group>"; };
		5B020F36292943A6003F078D /* BlurView.swift */ = {isa = PBXFileReference; lastKnownFileType = sourcecode.swift; path = BlurView.swift; sourceTree = "<group>"; };
		5B354DA2292921A60047F84A /* TaskControllerPublish.swift */ = {isa = PBXFileReference; lastKnownFileType = sourcecode.swift; path = TaskControllerPublish.swift; sourceTree = "<group>"; };
		5B376DDF2928ED8D0007CB9E /* ButtonStyles.swift */ = {isa = PBXFileReference; lastKnownFileType = sourcecode.swift; path = ButtonStyles.swift; sourceTree = "<group>"; };
		5B376DE429290ED30007CB9E /* ChargingTaskObject.swift */ = {isa = PBXFileReference; lastKnownFileType = sourcecode.swift; path = ChargingTaskObject.swift; sourceTree = "<group>"; };
		5B376DE6292912030007CB9E /* TaskControllerObserve.swift */ = {isa = PBXFileReference; lastKnownFileType = sourcecode.swift; path = TaskControllerObserve.swift; sourceTree = "<group>"; };
		5BA2436A2928DFCD00916CC6 /* NewTaskView.swift */ = {isa = PBXFileReference; lastKnownFileType = sourcecode.swift; path = NewTaskView.swift; sourceTree = "<group>"; };
/* End PBXFileReference section */

/* Begin PBXFrameworksBuildPhase section */
		231C88E9292843F9005D3784 /* Frameworks */ = {
			isa = PBXFrameworksBuildPhase;
			buildActionMask = 2147483647;
			files = (
				5B020F2829292683003F078D /* MapboxMaps in Frameworks */,
				5B020F2B29292690003F078D /* MapboxNavigation in Frameworks */,
				231C88FF292844A0005D3784 /* CoatySwift in Frameworks */,
			);
			runOnlyForDeploymentPostprocessing = 0;
		};
/* End PBXFrameworksBuildPhase section */

/* Begin PBXGroup section */
		231C88E3292843F9005D3784 = {
			isa = PBXGroup;
			children = (
				231C88EE292843F9005D3784 /* sixt */,
				231C88ED292843F9005D3784 /* Products */,
				5B354DA12929210C0047F84A /* Recovered References */,
				5B020F2929292690003F078D /* Frameworks */,
			);
			sourceTree = "<group>";
		};
		231C88ED292843F9005D3784 /* Products */ = {
			isa = PBXGroup;
			children = (
				231C88EC292843F9005D3784 /* sixt.app */,
			);
			name = Products;
			sourceTree = "<group>";
		};
		231C88EE292843F9005D3784 /* sixt */ = {
			isa = PBXGroup;
			children = (
				231C89282928F6F1005D3784 /* Model */,
				231C89192928DB49005D3784 /* Info.plist */,
				231C89102928497A005D3784 /* Views */,
				231C8900292844D8005D3784 /* Coaty */,
				231C88EF292843F9005D3784 /* sixtApp.swift */,
				231C88F1292843F9005D3784 /* ContentView.swift */,
				231C88F3292843FB005D3784 /* Assets.xcassets */,
				231C88F5292843FB005D3784 /* Preview Content */,
			);
			path = sixt;
			sourceTree = "<group>";
		};
		231C88F5292843FB005D3784 /* Preview Content */ = {
			isa = PBXGroup;
			children = (
				231C88F6292843FB005D3784 /* Preview Assets.xcassets */,
			);
			path = "Preview Content";
			sourceTree = "<group>";
		};
		231C8900292844D8005D3784 /* Coaty */ = {
			isa = PBXGroup;
			children = (
				231C8908292845A1005D3784 /* Controllers */,
				231C890729284599005D3784 /* Objects */,
				231C8901292844EF005D3784 /* CoatyDelegate.swift */,
				231C89032928453A005D3784 /* CoatyControllerTypes.swift */,
				231C890529284569005D3784 /* CoatyObjectTypes.swift */,
			);
			path = Coaty;
			sourceTree = "<group>";
		};
		231C890729284599005D3784 /* Objects */ = {
			isa = PBXGroup;
			children = (
				231C890D29284615005D3784 /* ExampleObject.swift */,
				5B376DE429290ED30007CB9E /* ChargingTaskObject.swift */,
			);
			path = Objects;
			sourceTree = "<group>";
		};
		231C8908292845A1005D3784 /* Controllers */ = {
			isa = PBXGroup;
			children = (
				5B376DE8292912B90007CB9E /* Publish */,
				231C890B292845E2005D3784 /* Observe */,
			);
			path = Controllers;
			sourceTree = "<group>";
		};
		231C890B292845E2005D3784 /* Observe */ = {
			isa = PBXGroup;
			children = (
				5B376DE6292912030007CB9E /* TaskControllerObserve.swift */,
			);
			path = Observe;
			sourceTree = "<group>";
		};
		231C89102928497A005D3784 /* Views */ = {
			isa = PBXGroup;
			children = (
				5B020F3129292778003F078D /* Styles */,
				5B020F2C29292706003F078D /* Components */,
				231C891129284983005D3784 /* Map */,
			);
			path = Views;
			sourceTree = "<group>";
		};
		231C891129284983005D3784 /* Map */ = {
			isa = PBXGroup;
			children = (
				231C8912292849A4005D3784 /* MapHomeView.swift */,
				231C8914292849DD005D3784 /* MapViewRepresentable.swift */,
				231C891729284A3E005D3784 /* MapViewController.swift */,
				231C891D2928DC5E005D3784 /* NavigationViewController.swift */,
				231C891F2928DD96005D3784 /* NavigationViewRepresentable.swift */,
				231C89242928EDED005D3784 /* LocationManager.swift */,
				231C89262928F1B2005D3784 /* ToggleView.swift */,
				231C892F29291AE8005D3784 /* NavigationBottomBarView.swift */,
			);
			path = Map;
			sourceTree = "<group>";
		};
		231C89282928F6F1005D3784 /* Model */ = {
			isa = PBXGroup;
			children = (
				231C89292928F702005D3784 /* UserState.swift */,
				231C892B2928FC96005D3784 /* Model.swift */,
			);
			path = Model;
			sourceTree = "<group>";
		};
		5B020F2929292690003F078D /* Frameworks */ = {
			isa = PBXGroup;
			children = (
			);
			name = Frameworks;
			sourceTree = "<group>";
		};
		5B020F2C29292706003F078D /* Components */ = {
			isa = PBXGroup;
			children = (
				5B020F2D29292706003F078D /* NewTaskView.swift */,
				5B020F2F2929275C003F078D /* ChargingStationIcon.swift */,
				5B020F36292943A6003F078D /* BlurView.swift */,
			);
			path = Components;
			sourceTree = "<group>";
		};
		5B020F3129292778003F078D /* Styles */ = {
			isa = PBXGroup;
			children = (
				5B020F3229292786003F078D /* ButtonStyles.swift */,
			);
			path = Styles;
			sourceTree = "<group>";
		};
		5B354DA12929210C0047F84A /* Recovered References */ = {
			isa = PBXGroup;
			children = (
				5B376DDF2928ED8D0007CB9E /* ButtonStyles.swift */,
				5BA2436A2928DFCD00916CC6 /* NewTaskView.swift */,
			);
			name = "Recovered References";
			sourceTree = "<group>";
		};
		5B376DE8292912B90007CB9E /* Publish */ = {
			isa = PBXGroup;
			children = (
				5B354DA2292921A60047F84A /* TaskControllerPublish.swift */,
			);
			path = Publish;
			sourceTree = "<group>";
		};
/* End PBXGroup section */

/* Begin PBXNativeTarget section */
		231C88EB292843F9005D3784 /* sixt */ = {
			isa = PBXNativeTarget;
			buildConfigurationList = 231C88FA292843FB005D3784 /* Build configuration list for PBXNativeTarget "sixt" */;
			buildPhases = (
				231C88E8292843F9005D3784 /* Sources */,
				231C88E9292843F9005D3784 /* Frameworks */,
				231C88EA292843F9005D3784 /* Resources */,
			);
			buildRules = (
			);
			dependencies = (
			);
			name = sixt;
			packageProductDependencies = (
				231C88FE292844A0005D3784 /* CoatySwift */,
				5B020F2729292683003F078D /* MapboxMaps */,
				5B020F2A29292690003F078D /* MapboxNavigation */,
			);
			productName = sixt;
			productReference = 231C88EC292843F9005D3784 /* sixt.app */;
			productType = "com.apple.product-type.application";
		};
/* End PBXNativeTarget section */

/* Begin PBXProject section */
		231C88E4292843F9005D3784 /* Project object */ = {
			isa = PBXProject;
			attributes = {
				BuildIndependentTargetsInParallel = 1;
				LastSwiftUpdateCheck = 1400;
				LastUpgradeCheck = 1400;
				TargetAttributes = {
					231C88EB292843F9005D3784 = {
						CreatedOnToolsVersion = 14.0.1;
					};
				};
			};
			buildConfigurationList = 231C88E7292843F9005D3784 /* Build configuration list for PBXProject "sixt" */;
			compatibilityVersion = "Xcode 14.0";
			developmentRegion = en;
			hasScannedForEncodings = 0;
			knownRegions = (
				en,
				Base,
			);
			mainGroup = 231C88E3292843F9005D3784;
			packageReferences = (
				231C88FD292844A0005D3784 /* XCRemoteSwiftPackageReference "coaty-swift" */,
				231C891A2928DC33005D3784 /* XCRemoteSwiftPackageReference "mapbox-navigation-ios" */,
				5B020F2629292683003F078D /* XCRemoteSwiftPackageReference "mapbox-maps-ios" */,
			);
			productRefGroup = 231C88ED292843F9005D3784 /* Products */;
			projectDirPath = "";
			projectRoot = "";
			targets = (
				231C88EB292843F9005D3784 /* sixt */,
			);
		};
/* End PBXProject section */

/* Begin PBXResourcesBuildPhase section */
		231C88EA292843F9005D3784 /* Resources */ = {
			isa = PBXResourcesBuildPhase;
			buildActionMask = 2147483647;
			files = (
				231C88F7292843FB005D3784 /* Preview Assets.xcassets in Resources */,
				231C88F4292843FB005D3784 /* Assets.xcassets in Resources */,
			);
			runOnlyForDeploymentPostprocessing = 0;
		};
/* End PBXResourcesBuildPhase section */

/* Begin PBXSourcesBuildPhase section */
		231C88E8292843F9005D3784 /* Sources */ = {
			isa = PBXSourcesBuildPhase;
			buildActionMask = 2147483647;
			files = (
				5B020F352929339E003F078D /* MapHomeView.swift in Sources */,
				5B020F342929339A003F078D /* ContentView.swift in Sources */,
				5B020F37292943A6003F078D /* BlurView.swift in Sources */,
				231C89202928DD96005D3784 /* NavigationViewRepresentable.swift in Sources */,
				231C891E2928DC5E005D3784 /* NavigationViewController.swift in Sources */,
				5B354DA3292921A60047F84A /* TaskControllerPublish.swift in Sources */,
				231C892C2928FC96005D3784 /* Model.swift in Sources */,
				5B376DE7292912030007CB9E /* TaskControllerObserve.swift in Sources */,
				5B020F302929275C003F078D /* ChargingStationIcon.swift in Sources */,
				231C8902292844EF005D3784 /* CoatyDelegate.swift in Sources */,
				231C891829284A3E005D3784 /* MapViewController.swift in Sources */,
				231C892A2928F702005D3784 /* UserState.swift in Sources */,
				5B020F3329292786003F078D /* ButtonStyles.swift in Sources */,
				231C89272928F1B2005D3784 /* ToggleView.swift in Sources */,
				231C893029291AE8005D3784 /* NavigationBottomBarView.swift in Sources */,
				231C89042928453A005D3784 /* CoatyControllerTypes.swift in Sources */,
				5B376DE529290ED30007CB9E /* ChargingTaskObject.swift in Sources */,
				231C8915292849DD005D3784 /* MapViewRepresentable.swift in Sources */,
				231C88F0292843F9005D3784 /* sixtApp.swift in Sources */,
				5B020F2E29292707003F078D /* NewTaskView.swift in Sources */,
				231C890629284569005D3784 /* CoatyObjectTypes.swift in Sources */,
				231C890E29284615005D3784 /* ExampleObject.swift in Sources */,
				231C89252928EDED005D3784 /* LocationManager.swift in Sources */,
			);
			runOnlyForDeploymentPostprocessing = 0;
		};
/* End PBXSourcesBuildPhase section */

/* Begin XCBuildConfiguration section */
		231C88F8292843FB005D3784 /* Debug */ = {
			isa = XCBuildConfiguration;
			buildSettings = {
				ALWAYS_SEARCH_USER_PATHS = NO;
				CLANG_ANALYZER_NONNULL = YES;
				CLANG_ANALYZER_NUMBER_OBJECT_CONVERSION = YES_AGGRESSIVE;
				CLANG_CXX_LANGUAGE_STANDARD = "gnu++20";
				CLANG_ENABLE_MODULES = YES;
				CLANG_ENABLE_OBJC_ARC = YES;
				CLANG_ENABLE_OBJC_WEAK = YES;
				CLANG_WARN_BLOCK_CAPTURE_AUTORELEASING = YES;
				CLANG_WARN_BOOL_CONVERSION = YES;
				CLANG_WARN_COMMA = YES;
				CLANG_WARN_CONSTANT_CONVERSION = YES;
				CLANG_WARN_DEPRECATED_OBJC_IMPLEMENTATIONS = YES;
				CLANG_WARN_DIRECT_OBJC_ISA_USAGE = YES_ERROR;
				CLANG_WARN_DOCUMENTATION_COMMENTS = YES;
				CLANG_WARN_EMPTY_BODY = YES;
				CLANG_WARN_ENUM_CONVERSION = YES;
				CLANG_WARN_INFINITE_RECURSION = YES;
				CLANG_WARN_INT_CONVERSION = YES;
				CLANG_WARN_NON_LITERAL_NULL_CONVERSION = YES;
				CLANG_WARN_OBJC_IMPLICIT_RETAIN_SELF = YES;
				CLANG_WARN_OBJC_LITERAL_CONVERSION = YES;
				CLANG_WARN_OBJC_ROOT_CLASS = YES_ERROR;
				CLANG_WARN_QUOTED_INCLUDE_IN_FRAMEWORK_HEADER = YES;
				CLANG_WARN_RANGE_LOOP_ANALYSIS = YES;
				CLANG_WARN_STRICT_PROTOTYPES = YES;
				CLANG_WARN_SUSPICIOUS_MOVE = YES;
				CLANG_WARN_UNGUARDED_AVAILABILITY = YES_AGGRESSIVE;
				CLANG_WARN_UNREACHABLE_CODE = YES;
				CLANG_WARN__DUPLICATE_METHOD_MATCH = YES;
				COPY_PHASE_STRIP = NO;
				DEBUG_INFORMATION_FORMAT = dwarf;
				ENABLE_STRICT_OBJC_MSGSEND = YES;
				ENABLE_TESTABILITY = YES;
				GCC_C_LANGUAGE_STANDARD = gnu11;
				GCC_DYNAMIC_NO_PIC = NO;
				GCC_NO_COMMON_BLOCKS = YES;
				GCC_OPTIMIZATION_LEVEL = 0;
				GCC_PREPROCESSOR_DEFINITIONS = (
					"DEBUG=1",
					"$(inherited)",
				);
				GCC_WARN_64_TO_32_BIT_CONVERSION = YES;
				GCC_WARN_ABOUT_RETURN_TYPE = YES_ERROR;
				GCC_WARN_UNDECLARED_SELECTOR = YES;
				GCC_WARN_UNINITIALIZED_AUTOS = YES_AGGRESSIVE;
				GCC_WARN_UNUSED_FUNCTION = YES;
				GCC_WARN_UNUSED_VARIABLE = YES;
				IPHONEOS_DEPLOYMENT_TARGET = 16.0;
				MTL_ENABLE_DEBUG_INFO = INCLUDE_SOURCE;
				MTL_FAST_MATH = YES;
				ONLY_ACTIVE_ARCH = YES;
				SDKROOT = iphoneos;
				SWIFT_ACTIVE_COMPILATION_CONDITIONS = DEBUG;
				SWIFT_OPTIMIZATION_LEVEL = "-Onone";
			};
			name = Debug;
		};
		231C88F9292843FB005D3784 /* Release */ = {
			isa = XCBuildConfiguration;
			buildSettings = {
				ALWAYS_SEARCH_USER_PATHS = NO;
				CLANG_ANALYZER_NONNULL = YES;
				CLANG_ANALYZER_NUMBER_OBJECT_CONVERSION = YES_AGGRESSIVE;
				CLANG_CXX_LANGUAGE_STANDARD = "gnu++20";
				CLANG_ENABLE_MODULES = YES;
				CLANG_ENABLE_OBJC_ARC = YES;
				CLANG_ENABLE_OBJC_WEAK = YES;
				CLANG_WARN_BLOCK_CAPTURE_AUTORELEASING = YES;
				CLANG_WARN_BOOL_CONVERSION = YES;
				CLANG_WARN_COMMA = YES;
				CLANG_WARN_CONSTANT_CONVERSION = YES;
				CLANG_WARN_DEPRECATED_OBJC_IMPLEMENTATIONS = YES;
				CLANG_WARN_DIRECT_OBJC_ISA_USAGE = YES_ERROR;
				CLANG_WARN_DOCUMENTATION_COMMENTS = YES;
				CLANG_WARN_EMPTY_BODY = YES;
				CLANG_WARN_ENUM_CONVERSION = YES;
				CLANG_WARN_INFINITE_RECURSION = YES;
				CLANG_WARN_INT_CONVERSION = YES;
				CLANG_WARN_NON_LITERAL_NULL_CONVERSION = YES;
				CLANG_WARN_OBJC_IMPLICIT_RETAIN_SELF = YES;
				CLANG_WARN_OBJC_LITERAL_CONVERSION = YES;
				CLANG_WARN_OBJC_ROOT_CLASS = YES_ERROR;
				CLANG_WARN_QUOTED_INCLUDE_IN_FRAMEWORK_HEADER = YES;
				CLANG_WARN_RANGE_LOOP_ANALYSIS = YES;
				CLANG_WARN_STRICT_PROTOTYPES = YES;
				CLANG_WARN_SUSPICIOUS_MOVE = YES;
				CLANG_WARN_UNGUARDED_AVAILABILITY = YES_AGGRESSIVE;
				CLANG_WARN_UNREACHABLE_CODE = YES;
				CLANG_WARN__DUPLICATE_METHOD_MATCH = YES;
				COPY_PHASE_STRIP = NO;
				DEBUG_INFORMATION_FORMAT = "dwarf-with-dsym";
				ENABLE_NS_ASSERTIONS = NO;
				ENABLE_STRICT_OBJC_MSGSEND = YES;
				GCC_C_LANGUAGE_STANDARD = gnu11;
				GCC_NO_COMMON_BLOCKS = YES;
				GCC_WARN_64_TO_32_BIT_CONVERSION = YES;
				GCC_WARN_ABOUT_RETURN_TYPE = YES_ERROR;
				GCC_WARN_UNDECLARED_SELECTOR = YES;
				GCC_WARN_UNINITIALIZED_AUTOS = YES_AGGRESSIVE;
				GCC_WARN_UNUSED_FUNCTION = YES;
				GCC_WARN_UNUSED_VARIABLE = YES;
				IPHONEOS_DEPLOYMENT_TARGET = 16.0;
				MTL_ENABLE_DEBUG_INFO = NO;
				MTL_FAST_MATH = YES;
				SDKROOT = iphoneos;
				SWIFT_COMPILATION_MODE = wholemodule;
				SWIFT_OPTIMIZATION_LEVEL = "-O";
				VALIDATE_PRODUCT = YES;
			};
			name = Release;
		};
		231C88FB292843FB005D3784 /* Debug */ = {
			isa = XCBuildConfiguration;
			buildSettings = {
				ASSETCATALOG_COMPILER_APPICON_NAME = AppIcon;
				ASSETCATALOG_COMPILER_GLOBAL_ACCENT_COLOR_NAME = AccentColor;
				CODE_SIGN_STYLE = Automatic;
				CURRENT_PROJECT_VERSION = 1;
				DEVELOPMENT_ASSET_PATHS = "\"sixt/Preview Content\"";
				DEVELOPMENT_TEAM = 356PGZV9W9;
				ENABLE_PREVIEWS = YES;
				GENERATE_INFOPLIST_FILE = YES;
				INFOPLIST_FILE = sixt/Info.plist;
				INFOPLIST_KEY_UIApplicationSceneManifest_Generation = YES;
				INFOPLIST_KEY_UIApplicationSupportsIndirectInputEvents = YES;
				INFOPLIST_KEY_UILaunchScreen_Generation = YES;
				INFOPLIST_KEY_UISupportedInterfaceOrientations_iPad = "UIInterfaceOrientationPortrait UIInterfaceOrientationPortraitUpsideDown UIInterfaceOrientationLandscapeLeft UIInterfaceOrientationLandscapeRight";
				INFOPLIST_KEY_UISupportedInterfaceOrientations_iPhone = "UIInterfaceOrientationPortrait UIInterfaceOrientationLandscapeLeft UIInterfaceOrientationLandscapeRight";
				LD_RUNPATH_SEARCH_PATHS = (
					"$(inherited)",
					"@executable_path/Frameworks",
				);
				MARKETING_VERSION = 1.0;
				PRODUCT_BUNDLE_IDENTIFIER = com.hackatum.sixt.sixt;
				PRODUCT_NAME = "$(TARGET_NAME)";
				SWIFT_EMIT_LOC_STRINGS = YES;
				SWIFT_VERSION = 5.0;
				TARGETED_DEVICE_FAMILY = "1,2";
			};
			name = Debug;
		};
		231C88FC292843FB005D3784 /* Release */ = {
			isa = XCBuildConfiguration;
			buildSettings = {
				ASSETCATALOG_COMPILER_APPICON_NAME = AppIcon;
				ASSETCATALOG_COMPILER_GLOBAL_ACCENT_COLOR_NAME = AccentColor;
				CODE_SIGN_STYLE = Automatic;
				CURRENT_PROJECT_VERSION = 1;
				DEVELOPMENT_ASSET_PATHS = "\"sixt/Preview Content\"";
				DEVELOPMENT_TEAM = 356PGZV9W9;
				ENABLE_PREVIEWS = YES;
				GENERATE_INFOPLIST_FILE = YES;
				INFOPLIST_FILE = sixt/Info.plist;
				INFOPLIST_KEY_UIApplicationSceneManifest_Generation = YES;
				INFOPLIST_KEY_UIApplicationSupportsIndirectInputEvents = YES;
				INFOPLIST_KEY_UILaunchScreen_Generation = YES;
				INFOPLIST_KEY_UISupportedInterfaceOrientations_iPad = "UIInterfaceOrientationPortrait UIInterfaceOrientationPortraitUpsideDown UIInterfaceOrientationLandscapeLeft UIInterfaceOrientationLandscapeRight";
				INFOPLIST_KEY_UISupportedInterfaceOrientations_iPhone = "UIInterfaceOrientationPortrait UIInterfaceOrientationLandscapeLeft UIInterfaceOrientationLandscapeRight";
				LD_RUNPATH_SEARCH_PATHS = (
					"$(inherited)",
					"@executable_path/Frameworks",
				);
				MARKETING_VERSION = 1.0;
				PRODUCT_BUNDLE_IDENTIFIER = com.hackatum.sixt.sixt;
				PRODUCT_NAME = "$(TARGET_NAME)";
				SWIFT_EMIT_LOC_STRINGS = YES;
				SWIFT_VERSION = 5.0;
				TARGETED_DEVICE_FAMILY = "1,2";
			};
			name = Release;
		};
/* End XCBuildConfiguration section */

/* Begin XCConfigurationList section */
		231C88E7292843F9005D3784 /* Build configuration list for PBXProject "sixt" */ = {
			isa = XCConfigurationList;
			buildConfigurations = (
				231C88F8292843FB005D3784 /* Debug */,
				231C88F9292843FB005D3784 /* Release */,
			);
			defaultConfigurationIsVisible = 0;
			defaultConfigurationName = Release;
		};
		231C88FA292843FB005D3784 /* Build configuration list for PBXNativeTarget "sixt" */ = {
			isa = XCConfigurationList;
			buildConfigurations = (
				231C88FB292843FB005D3784 /* Debug */,
				231C88FC292843FB005D3784 /* Release */,
			);
			defaultConfigurationIsVisible = 0;
			defaultConfigurationName = Release;
		};
/* End XCConfigurationList section */

/* Begin XCRemoteSwiftPackageReference section */
		231C88FD292844A0005D3784 /* XCRemoteSwiftPackageReference "coaty-swift" */ = {
			isa = XCRemoteSwiftPackageReference;
			repositoryURL = "https://github.com/philippzagar/coaty-swift";
			requirement = {
				kind = upToNextMajorVersion;
				minimumVersion = 2.0.0;
			};
		};
		231C891A2928DC33005D3784 /* XCRemoteSwiftPackageReference "mapbox-navigation-ios" */ = {
			isa = XCRemoteSwiftPackageReference;
			repositoryURL = "https://github.com/mapbox/mapbox-navigation-ios.git";
			requirement = {
				branch = main;
				kind = branch;
			};
		};
		5B020F2629292683003F078D /* XCRemoteSwiftPackageReference "mapbox-maps-ios" */ = {
			isa = XCRemoteSwiftPackageReference;
			repositoryURL = "https://github.com/mapbox/mapbox-maps-ios.git";
			requirement = {
				branch = main;
				kind = branch;
			};
		};
/* End XCRemoteSwiftPackageReference section */

/* Begin XCSwiftPackageProductDependency section */
		231C88FE292844A0005D3784 /* CoatySwift */ = {
			isa = XCSwiftPackageProductDependency;
			package = 231C88FD292844A0005D3784 /* XCRemoteSwiftPackageReference "coaty-swift" */;
			productName = CoatySwift;
		};
		5B020F2729292683003F078D /* MapboxMaps */ = {
			isa = XCSwiftPackageProductDependency;
			package = 5B020F2629292683003F078D /* XCRemoteSwiftPackageReference "mapbox-maps-ios" */;
			productName = MapboxMaps;
		};
		5B020F2A29292690003F078D /* MapboxNavigation */ = {
			isa = XCSwiftPackageProductDependency;
			package = 231C891A2928DC33005D3784 /* XCRemoteSwiftPackageReference "mapbox-navigation-ios" */;
			productName = MapboxNavigation;
		};
/* End XCSwiftPackageProductDependency section */
	};
	rootObject = 231C88E4292843F9005D3784 /* Project object */;
}
